
Microsoft Visual Studio Solution File, Format Version 12.00
# Visual Studio Version 16
VisualStudioVersion = 16.0.30523.141
MinimumVisualStudioVersion = 10.0.40219.1
Project("{FAE04EC0-301F-11D3-BF4B-00C04F79EFBC}") = "Virlan_Diana_Lab5", "Virlan_Diana_Lab5.csproj", "{3EA9F18C-A581-41DC-81F0-9E3734260DBF}"
EndProject
Global
	GlobalSection(SolutionConfigurationPlatforms) = preSolution
		Debug|Any CPU = Debug|Any CPU
		Release|Any CPU = Release|Any CPU
	EndGlobalSection
	GlobalSection(ProjectConfigurationPlatforms) = postSolution
		{3EA9F18C-A581-41DC-81F0-9E3734260DBF}.Debug|Any CPU.ActiveCfg = Debug|Any CPU
		{3EA9F18C-A581-41DC-81F0-9E3734260DBF}.Debug|Any CPU.Build.0 = Debug|Any CPU
		{3EA9F18C-A581-41DC-81F0-9E3734260DBF}.Release|Any CPU.ActiveCfg = Release|Any CPU
		{3EA9F18C-A581-41DC-81F0-9E3734260DBF}.Release|Any CPU.Build.0 = Release|Any CPU
	EndGlobalSection
	GlobalSection(SolutionProperties) = preSolution
		HideSolutionNode = FALSE
	EndGlobalSection
	GlobalSection(ExtensibilityGlobals) = postSolution
		SolutionGuid = {342571AE-A73E-4127-8B51-395BB669945B}
	EndGlobalSection
EndGlobal
